github.com/voodooEntity/gits v0.9.5-0.20250510091258-c0544d5fac93 h1:UszJGjv+19HnXqXRn/yu3G6lqo4voFSDgcMDKMarPaM=
github.com/voodooEntity/gits v0.9.5-0.20250510091258-c0544d5fac93/go.mod h1:VB7qpYFyIXzP9pO9IukCGTg7mJ9FLlpXY6dqsCu1LlY=
github.com/voodooEntity/gits v0.9.5 h1:psQe0LyOcU15Jm8Np6jzox24MjzB5mkQw8hDLp+I1Ok=
github.com/voodooEntity/gits v0.9.5/go.mod h1:VB7qpYFyIXzP9pO9IukCGTg7mJ9FLlpXY6dqsCu1LlY=
