github.com/voodooEntity/archivist v1.0.2 h1:QesszRfOPdGmkT1ieAXa6LkRkch/22R/LPTu8DFkKUY=
github.com/voodooEntity/archivist v1.0.2/go.mod h1:Kw+7tEDicfscFX3Kl4wzTmICO66MjWxpXlFEP3UJCGc=
github.com/voodooEntity/gits v0.0.19 h1:s1HkgZFwj8zP15849wb0QRRKm3PHnMKCFmdIeNk6hlI=
github.com/voodooEntity/gits v0.0.19/go.mod h1:8spOvNEi3UeUTqbRtZZaYmUUVMBmvrR/k6LMOIkbXkc=
github.com/voodooEntity/gits v0.9.1 h1:V5fv04lUQVD2qrbm5kziC2b7etu5BOmMFWTx1QWbook=
github.com/voodooEntity/gits v0.9.1/go.mod h1:VB7qpYFyIXzP9pO9IukCGTg7mJ9FLlpXY6dqsCu1LlY=
